
Microsoft Visual Studio Solution File, Format Version 12.00
# Visual Studio 2015
Project("{FAE04EC0-301F-11D3-BF4B-00C04F79EFBC}") = "fixed CMS DetectorProject 6-20-16.CSharp", "fixed CMS DetectorProject 6-20-16.CSharp.csproj", "{0B192B2D-8DC4-7F18-6EDF-B9FC001B2304}"
EndProject
Project("{FAE04EC0-301F-11D3-BF4B-00C04F79EFBC}") = "fixed CMS DetectorProject 6-20-16.CSharp.Editor", "fixed CMS DetectorProject 6-20-16.CSharp.Editor.csproj", "{CEFEBD05-A687-CFFA-EA69-10B6E9711480}"
EndProject
Global
	GlobalSection(SolutionConfigurationPlatforms) = preSolution
		Debug|Any CPU = Debug|Any CPU
		Release|Any CPU = Release|Any CPU
	EndGlobalSection
	GlobalSection(ProjectConfigurationPlatforms) = postSolution
		{0B192B2D-8DC4-7F18-6EDF-B9FC001B2304}.Debug|Any CPU.ActiveCfg = Debug|Any CPU
		{0B192B2D-8DC4-7F18-6EDF-B9FC001B2304}.Debug|Any CPU.Build.0 = Debug|Any CPU
		{0B192B2D-8DC4-7F18-6EDF-B9FC001B2304}.Release|Any CPU.ActiveCfg = Release|Any CPU
		{0B192B2D-8DC4-7F18-6EDF-B9FC001B2304}.Release|Any CPU.Build.0 = Release|Any CPU
		{CEFEBD05-A687-CFFA-EA69-10B6E9711480}.Debug|Any CPU.ActiveCfg = Debug|Any CPU
		{CEFEBD05-A687-CFFA-EA69-10B6E9711480}.Debug|Any CPU.Build.0 = Debug|Any CPU
		{CEFEBD05-A687-CFFA-EA69-10B6E9711480}.Release|Any CPU.ActiveCfg = Release|Any CPU
		{CEFEBD05-A687-CFFA-EA69-10B6E9711480}.Release|Any CPU.Build.0 = Release|Any CPU
	EndGlobalSection
	GlobalSection(SolutionProperties) = preSolution
		HideSolutionNode = FALSE
	EndGlobalSection
EndGlobal
