Microsoft Visual Studio Solution File, Format Version 11.00
# Visual Studio 2008

Project("{104DC477-A7AA-535A-BD43-B625311AFA96}") = "Non_VR CMS Detector Project (08-23-16)", "Assembly-CSharp-firstpass.csproj", "{636F67A7-D228-97D1-6A46-611B1BDC5D53}"
EndProject
Project("{104DC477-A7AA-535A-BD43-B625311AFA96}") = "Non_VR CMS Detector Project (08-23-16)", "Assembly-CSharp.csproj", "{B9CEAA24-5FD9-0CAB-4EE0-A3BF5312960D}"
EndProject
Project("{104DC477-A7AA-535A-BD43-B625311AFA96}") = "Non_VR CMS Detector Project (08-23-16)", "Assembly-CSharp-Editor.csproj", "{E7DA6625-B0BE-27FA-5339-3A8C3BE13B85}"
EndProject
Global
	GlobalSection(SolutionConfigurationPlatforms) = preSolution
		Debug|Any CPU = Debug|Any CPU
		Release|Any CPU = Release|Any CPU
	EndGlobalSection
	GlobalSection(ProjectConfigurationPlatforms) = postSolution
		{636F67A7-D228-97D1-6A46-611B1BDC5D53}.Debug|Any CPU.ActiveCfg = Debug|Any CPU
		{636F67A7-D228-97D1-6A46-611B1BDC5D53}.Debug|Any CPU.Build.0 = Debug|Any CPU
		{636F67A7-D228-97D1-6A46-611B1BDC5D53}.Release|Any CPU.ActiveCfg = Release|Any CPU
		{636F67A7-D228-97D1-6A46-611B1BDC5D53}.Release|Any CPU.Build.0 = Release|Any CPU
		{B9CEAA24-5FD9-0CAB-4EE0-A3BF5312960D}.Debug|Any CPU.ActiveCfg = Debug|Any CPU
		{B9CEAA24-5FD9-0CAB-4EE0-A3BF5312960D}.Debug|Any CPU.Build.0 = Debug|Any CPU
		{B9CEAA24-5FD9-0CAB-4EE0-A3BF5312960D}.Release|Any CPU.ActiveCfg = Release|Any CPU
		{B9CEAA24-5FD9-0CAB-4EE0-A3BF5312960D}.Release|Any CPU.Build.0 = Release|Any CPU
		{E7DA6625-B0BE-27FA-5339-3A8C3BE13B85}.Debug|Any CPU.ActiveCfg = Debug|Any CPU
		{E7DA6625-B0BE-27FA-5339-3A8C3BE13B85}.Debug|Any CPU.Build.0 = Debug|Any CPU
		{E7DA6625-B0BE-27FA-5339-3A8C3BE13B85}.Release|Any CPU.ActiveCfg = Release|Any CPU
		{E7DA6625-B0BE-27FA-5339-3A8C3BE13B85}.Release|Any CPU.Build.0 = Release|Any CPU
	EndGlobalSection
	GlobalSection(SolutionProperties) = preSolution
		HideSolutionNode = FALSE
	EndGlobalSection
	GlobalSection(MonoDevelopProperties) = preSolution
		StartupItem = Assembly-CSharp.csproj
	EndGlobalSection
EndGlobal
